
Microsoft Visual Studio Solution File, Format Version 12.00
# Visual Studio Version 17
VisualStudioVersion = 17.5.2.0
MinimumVisualStudioVersion = 10.0.40219.1
Project("{FAE04EC0-301F-11D3-BF4B-00C04F79EFBC}") = "Figuritas.Api", "Figuritas.Api\Figuritas.Api.csproj", "{43019BA2-0D26-0497-5BDC-7AD5E48DFB8E}"
EndProject
Project("{FAE04EC0-301F-11D3-BF4B-00C04F79EFBC}") = "Figuritas.Api.Tests", "Figuritas.Api.Tests\Figuritas.Api.Tests.csproj", "{A0B35FC4-77AD-4416-BCD8-6FEA0135CEA3}"
EndProject
Project("{FAE04EC0-301F-11D3-BF4B-00C04F79EFBC}") = "Figuritas.Client", "Figuritas.Client\Figuritas.Client.csproj", "{2CA14C8E-084C-4342-ACC7-C9212B1796EB}"
EndProject
Project("{FAE04EC0-301F-11D3-BF4B-00C04F79EFBC}") = "Figuritas.Shared", "Figuritas.Shared\Figuritas.Shared.csproj", "{3C17FFA6-E0BA-45EF-87A0-408EE9A7BB94}"
EndProject
Global
	GlobalSection(SolutionConfigurationPlatforms) = preSolution
		Debug|Any CPU = Debug|Any CPU
		Debug|x64 = Debug|x64
		Debug|x86 = Debug|x86
		Release|Any CPU = Release|Any CPU
		Release|x64 = Release|x64
		Release|x86 = Release|x86
	EndGlobalSection
	GlobalSection(ProjectConfigurationPlatforms) = postSolution
		{43019BA2-0D26-0497-5BDC-7AD5E48DFB8E}.Debug|Any CPU.ActiveCfg = Debug|Any CPU
		{43019BA2-0D26-0497-5BDC-7AD5E48DFB8E}.Debug|Any CPU.Build.0 = Debug|Any CPU
		{43019BA2-0D26-0497-5BDC-7AD5E48DFB8E}.Debug|x64.ActiveCfg = Debug|Any CPU
		{43019BA2-0D26-0497-5BDC-7AD5E48DFB8E}.Debug|x64.Build.0 = Debug|Any CPU
		{43019BA2-0D26-0497-5BDC-7AD5E48DFB8E}.Debug|x86.ActiveCfg = Debug|Any CPU
		{43019BA2-0D26-0497-5BDC-7AD5E48DFB8E}.Debug|x86.Build.0 = Debug|Any CPU
		{43019BA2-0D26-0497-5BDC-7AD5E48DFB8E}.Release|Any CPU.ActiveCfg = Release|Any CPU
		{43019BA2-0D26-0497-5BDC-7AD5E48DFB8E}.Release|Any CPU.Build.0 = Release|Any CPU
		{43019BA2-0D26-0497-5BDC-7AD5E48DFB8E}.Release|x64.ActiveCfg = Release|Any CPU
		{43019BA2-0D26-0497-5BDC-7AD5E48DFB8E}.Release|x64.Build.0 = Release|Any CPU
		{43019BA2-0D26-0497-5BDC-7AD5E48DFB8E}.Release|x86.ActiveCfg = Release|Any CPU
		{43019BA2-0D26-0497-5BDC-7AD5E48DFB8E}.Release|x86.Build.0 = Release|Any CPU
		{A0B35FC4-77AD-4416-BCD8-6FEA0135CEA3}.Debug|Any CPU.ActiveCfg = Debug|Any CPU
		{A0B35FC4-77AD-4416-BCD8-6FEA0135CEA3}.Debug|Any CPU.Build.0 = Debug|Any CPU
		{A0B35FC4-77AD-4416-BCD8-6FEA0135CEA3}.Debug|x64.ActiveCfg = Debug|Any CPU
		{A0B35FC4-77AD-4416-BCD8-6FEA0135CEA3}.Debug|x64.Build.0 = Debug|Any CPU
		{A0B35FC4-77AD-4416-BCD8-6FEA0135CEA3}.Debug|x86.ActiveCfg = Debug|Any CPU
		{A0B35FC4-77AD-4416-BCD8-6FEA0135CEA3}.Debug|x86.Build.0 = Debug|Any CPU
		{A0B35FC4-77AD-4416-BCD8-6FEA0135CEA3}.Release|Any CPU.ActiveCfg = Release|Any CPU
		{A0B35FC4-77AD-4416-BCD8-6FEA0135CEA3}.Release|Any CPU.Build.0 = Release|Any CPU
		{A0B35FC4-77AD-4416-BCD8-6FEA0135CEA3}.Release|x64.ActiveCfg = Release|Any CPU
		{A0B35FC4-77AD-4416-BCD8-6FEA0135CEA3}.Release|x64.Build.0 = Release|Any CPU
		{A0B35FC4-77AD-4416-BCD8-6FEA0135CEA3}.Release|x86.ActiveCfg = Release|Any CPU
		{A0B35FC4-77AD-4416-BCD8-6FEA0135CEA3}.Release|x86.Build.0 = Release|Any CPU
		{2CA14C8E-084C-4342-ACC7-C9212B1796EB}.Debug|Any CPU.ActiveCfg = Debug|Any CPU
		{2CA14C8E-084C-4342-ACC7-C9212B1796EB}.Debug|Any CPU.Build.0 = Debug|Any CPU
		{2CA14C8E-084C-4342-ACC7-C9212B1796EB}.Debug|x64.ActiveCfg = Debug|Any CPU
		{2CA14C8E-084C-4342-ACC7-C9212B1796EB}.Debug|x64.Build.0 = Debug|Any CPU
		{2CA14C8E-084C-4342-ACC7-C9212B1796EB}.Debug|x86.ActiveCfg = Debug|Any CPU
		{2CA14C8E-084C-4342-ACC7-C9212B1796EB}.Debug|x86.Build.0 = Debug|Any CPU
		{2CA14C8E-084C-4342-ACC7-C9212B1796EB}.Release|Any CPU.ActiveCfg = Release|Any CPU
		{2CA14C8E-084C-4342-ACC7-C9212B1796EB}.Release|Any CPU.Build.0 = Release|Any CPU
		{2CA14C8E-084C-4342-ACC7-C9212B1796EB}.Release|x64.ActiveCfg = Release|Any CPU
		{2CA14C8E-084C-4342-ACC7-C9212B1796EB}.Release|x64.Build.0 = Release|Any CPU
		{2CA14C8E-084C-4342-ACC7-C9212B1796EB}.Release|x86.ActiveCfg = Release|Any CPU
		{2CA14C8E-084C-4342-ACC7-C9212B1796EB}.Release|x86.Build.0 = Release|Any CPU
		{3C17FFA6-E0BA-45EF-87A0-408EE9A7BB94}.Debug|Any CPU.ActiveCfg = Debug|Any CPU
		{3C17FFA6-E0BA-45EF-87A0-408EE9A7BB94}.Debug|Any CPU.Build.0 = Debug|Any CPU
		{3C17FFA6-E0BA-45EF-87A0-408EE9A7BB94}.Debug|x64.ActiveCfg = Debug|Any CPU
		{3C17FFA6-E0BA-45EF-87A0-408EE9A7BB94}.Debug|x64.Build.0 = Debug|Any CPU
		{3C17FFA6-E0BA-45EF-87A0-408EE9A7BB94}.Debug|x86.ActiveCfg = Debug|Any CPU
		{3C17FFA6-E0BA-45EF-87A0-408EE9A7BB94}.Debug|x86.Build.0 = Debug|Any CPU
		{3C17FFA6-E0BA-45EF-87A0-408EE9A7BB94}.Release|Any CPU.ActiveCfg = Release|Any CPU
		{3C17FFA6-E0BA-45EF-87A0-408EE9A7BB94}.Release|Any CPU.Build.0 = Release|Any CPU
		{3C17FFA6-E0BA-45EF-87A0-408EE9A7BB94}.Release|x64.ActiveCfg = Release|Any CPU
		{3C17FFA6-E0BA-45EF-87A0-408EE9A7BB94}.Release|x64.Build.0 = Release|Any CPU
		{3C17FFA6-E0BA-45EF-87A0-408EE9A7BB94}.Release|x86.ActiveCfg = Release|Any CPU
		{3C17FFA6-E0BA-45EF-87A0-408EE9A7BB94}.Release|x86.Build.0 = Release|Any CPU
	EndGlobalSection
	GlobalSection(SolutionProperties) = preSolution
		HideSolutionNode = FALSE
	EndGlobalSection
	GlobalSection(ExtensibilityGlobals) = postSolution
		SolutionGuid = {3D5929FA-4E5A-4805-AFC0-0E9A330F67C7}
	EndGlobalSection
EndGlobal
